[{<<"application_server">>,
  {git,"https://github.com/joq62/application_server.git",
       {ref,"8ad1c5312867c90ffe9c9b7f2dcf49b41dd51745"}},
  0},
 {<<"common">>,
  {git,"https://github.com/joq62/common.git",
       {ref,"5408d5dee329aada35b6b2e7b0607af3b5ff25c7"}},
  0},
 {<<"control_server">>,
  {git,"https://github.com/joq62/control_server.git",
       {ref,"2ca6d37bb930840b0b03be348f215d14499a11f8"}},
  0},
 {<<"host_server">>,
  {git,"https://github.com/joq62/host_server.git",
       {ref,"fe7b4b61a2b2d01d32e44891434e3fc0fc126717"}},
  0},
 {<<"log">>,
  {git,"https://github.com/joq62/log.git",
       {ref,"5633918783f23f8e0444d5d28739bac5ed09f2ea"}},
  0},
 {<<"rd">>,
  {git,"https://github.com/joq62/rd.git",
       {ref,"dd0eb6d9f932df1ce54b1764d428dbb89a0705a7"}},
  0}].
